
Microsoft Visual Studio Solution File, Format Version 12.00
# Visual Studio Version 17
Project("{8BC9CEB8-8B4A-11D0-8D11-00A0C91BC942}") = "ALL_BUILD", "ALL_BUILD.vcxproj", "{8C1FF5C4-5ED4-3F4B-90DD-57939D155877}"
	ProjectSection(ProjectDependencies) = postProject
		{55F7F6AF-ABE9-3194-9C4A-6DE86DD9AD0E} = {55F7F6AF-ABE9-3194-9C4A-6DE86DD9AD0E}
		{0ED6E589-FA3A-3E71-B558-5D0D44E4DA96} = {0ED6E589-FA3A-3E71-B558-5D0D44E4DA96}
	EndProjectSection
EndProject
Project("{8BC9CEB8-8B4A-11D0-8D11-00A0C91BC942}") = "AntiAutistLeak", "AntiAutistLeak.vcxproj", "{55F7F6AF-ABE9-3194-9C4A-6DE86DD9AD0E}"
	ProjectSection(ProjectDependencies) = postProject
		{0ED6E589-FA3A-3E71-B558-5D0D44E4DA96} = {0ED6E589-FA3A-3E71-B558-5D0D44E4DA96}
	EndProjectSection
EndProject
Project("{8BC9CEB8-8B4A-11D0-8D11-00A0C91BC942}") = "ZERO_CHECK", "ZERO_CHECK.vcxproj", "{0ED6E589-FA3A-3E71-B558-5D0D44E4DA96}"
	ProjectSection(ProjectDependencies) = postProject
	EndProjectSection
EndProject
Global
	GlobalSection(SolutionConfigurationPlatforms) = preSolution
		Debug|x64 = Debug|x64
		Release|x64 = Release|x64
		MinSizeRel|x64 = MinSizeRel|x64
		RelWithDebInfo|x64 = RelWithDebInfo|x64
	EndGlobalSection
	GlobalSection(ProjectConfigurationPlatforms) = postSolution
		{8C1FF5C4-5ED4-3F4B-90DD-57939D155877}.Debug|x64.ActiveCfg = Debug|x64
		{8C1FF5C4-5ED4-3F4B-90DD-57939D155877}.Release|x64.ActiveCfg = Release|x64
		{8C1FF5C4-5ED4-3F4B-90DD-57939D155877}.MinSizeRel|x64.ActiveCfg = MinSizeRel|x64
		{8C1FF5C4-5ED4-3F4B-90DD-57939D155877}.RelWithDebInfo|x64.ActiveCfg = RelWithDebInfo|x64
		{55F7F6AF-ABE9-3194-9C4A-6DE86DD9AD0E}.Debug|x64.ActiveCfg = Debug|x64
		{55F7F6AF-ABE9-3194-9C4A-6DE86DD9AD0E}.Debug|x64.Build.0 = Debug|x64
		{55F7F6AF-ABE9-3194-9C4A-6DE86DD9AD0E}.Release|x64.ActiveCfg = Release|x64
		{55F7F6AF-ABE9-3194-9C4A-6DE86DD9AD0E}.Release|x64.Build.0 = Release|x64
		{55F7F6AF-ABE9-3194-9C4A-6DE86DD9AD0E}.MinSizeRel|x64.ActiveCfg = MinSizeRel|x64
		{55F7F6AF-ABE9-3194-9C4A-6DE86DD9AD0E}.MinSizeRel|x64.Build.0 = MinSizeRel|x64
		{55F7F6AF-ABE9-3194-9C4A-6DE86DD9AD0E}.RelWithDebInfo|x64.ActiveCfg = RelWithDebInfo|x64
		{55F7F6AF-ABE9-3194-9C4A-6DE86DD9AD0E}.RelWithDebInfo|x64.Build.0 = RelWithDebInfo|x64
		{0ED6E589-FA3A-3E71-B558-5D0D44E4DA96}.Debug|x64.ActiveCfg = Debug|x64
		{0ED6E589-FA3A-3E71-B558-5D0D44E4DA96}.Debug|x64.Build.0 = Debug|x64
		{0ED6E589-FA3A-3E71-B558-5D0D44E4DA96}.Release|x64.ActiveCfg = Release|x64
		{0ED6E589-FA3A-3E71-B558-5D0D44E4DA96}.Release|x64.Build.0 = Release|x64
		{0ED6E589-FA3A-3E71-B558-5D0D44E4DA96}.MinSizeRel|x64.ActiveCfg = MinSizeRel|x64
		{0ED6E589-FA3A-3E71-B558-5D0D44E4DA96}.MinSizeRel|x64.Build.0 = MinSizeRel|x64
		{0ED6E589-FA3A-3E71-B558-5D0D44E4DA96}.RelWithDebInfo|x64.ActiveCfg = RelWithDebInfo|x64
		{0ED6E589-FA3A-3E71-B558-5D0D44E4DA96}.RelWithDebInfo|x64.Build.0 = RelWithDebInfo|x64
	EndGlobalSection
	GlobalSection(ExtensibilityGlobals) = postSolution
		SolutionGuid = {1C8D1D0A-9495-3F70-B31C-9324B6A6369D}
	EndGlobalSection
	GlobalSection(ExtensibilityAddIns) = postSolution
	EndGlobalSection
EndGlobal
